
Microsoft Visual Studio Solution File, Format Version 12.00
# Visual Studio Version 16
VisualStudioVersion = 16.0.31424.327
MinimumVisualStudioVersion = 10.0.40219.1
Project("{FAE04EC0-301F-11D3-BF4B-00C04F79EFBC}") = "StudentConsoleApp", "StudentConsoleApp\StudentConsoleApp.csproj", "{A3A9F2AE-7881-4C01-8701-253696AD4B06}"
EndProject
Global
	GlobalSection(SolutionConfigurationPlatforms) = preSolution
		Debug|Any CPU = Debug|Any CPU
		Release|Any CPU = Release|Any CPU
	EndGlobalSection
	GlobalSection(ProjectConfigurationPlatforms) = postSolution
		{A3A9F2AE-7881-4C01-8701-253696AD4B06}.Debug|Any CPU.ActiveCfg = Debug|Any CPU
		{A3A9F2AE-7881-4C01-8701-253696AD4B06}.Debug|Any CPU.Build.0 = Debug|Any CPU
		{A3A9F2AE-7881-4C01-8701-253696AD4B06}.Release|Any CPU.ActiveCfg = Release|Any CPU
		{A3A9F2AE-7881-4C01-8701-253696AD4B06}.Release|Any CPU.Build.0 = Release|Any CPU
	EndGlobalSection
	GlobalSection(SolutionProperties) = preSolution
		HideSolutionNode = FALSE
	EndGlobalSection
	GlobalSection(ExtensibilityGlobals) = postSolution
		SolutionGuid = {932F8422-C834-47DB-8D91-673CDEEC4D98}
	EndGlobalSection
EndGlobal
